<?xml version="1.0"?>
<CONFIG>
  <ProjectOptions>
    <Version Value="9"/>
    <PathDelim Value="\"/>
    <General>
      <Flags>
        <MainUnitHasUsesSectionForAllUnits Value="False"/>
        <MainUnitHasCreateFormStatements Value="False"/>
        <MainUnitHasTitleStatement Value="False"/>
      </Flags>
      <SessionStorage Value="InProjectDir"/>
      <MainUnit Value="0"/>
      <Title Value="SepiDelphiUnitImporter"/>
      <UseAppBundle Value="False"/>
      <ResourceType Value="res"/>
    </General>
    <i18n>
      <EnableI18N LFM="False"/>
    </i18n>
    <VersionInfo>
      <StringTable ProductVersion=""/>
    </VersionInfo>
    <BuildModes Count="1">
      <Item1 Name="Default" Default="True"/>
    </BuildModes>
    <PublishOptions>
      <Version Value="2"/>
      <IncludeFileFilter Value="*.(pas|pp|inc|lfm|lpr|lrs|lpi|lpk|sh|xml)"/>
      <ExcludeFileFilter Value="*.(bak|ppu|o|so);*~;backup"/>
    </PublishOptions>
    <RunParams>
      <local>
        <FormatVersion Value="1"/>
      </local>
    </RunParams>
    <RequiredPackages Count="5">
      <Item1>
        <PackageName Value="Sepi_Interpreter"/>
      </Item1>
      <Item2>
        <PackageName Value="Sepi_Compiler"/>
      </Item2>
      <Item3>
        <PackageName Value="Sepi_Reflection"/>
      </Item3>
      <Item4>
        <PackageName Value="SCL"/>
      </Item4>
      <Item5>
        <PackageName Value="Sepi_DelphiCompiler"/>
      </Item5>
    </RequiredPackages>
    <Units Count="11">
      <Unit0>
        <Filename Value="SepiDelphiUnitImporter.dpr"/>
        <IsPartOfProject Value="True"/>
      </Unit0>
      <Unit1>
        <Filename Value="ImporterConsts.pas"/>
        <IsPartOfProject Value="True"/>
        <UnitName Value="ImporterConsts"/>
      </Unit1>
      <Unit2>
        <Filename Value="ImporterContext.pas"/>
        <IsPartOfProject Value="True"/>
        <UnitName Value="ImporterContext"/>
      </Unit2>
      <Unit3>
        <Filename Value="ImporterOptions.pas"/>
        <IsPartOfProject Value="True"/>
        <UnitName Value="ImporterOptions"/>
      </Unit3>
      <Unit4>
        <Filename Value="ImporterProducer.pas"/>
        <IsPartOfProject Value="True"/>
        <UnitName Value="ImporterProducer"/>
      </Unit4>
      <Unit5>
        <Filename Value="ImporterTemplates.pas"/>
        <IsPartOfProject Value="True"/>
        <UnitName Value="ImporterTemplates"/>
      </Unit5>
      <Unit6>
        <Filename Value="..\..\source\run\SepiReflection\SepiSystemUnit.pas"/>
        <IsPartOfProject Value="True"/>
        <UnitName Value="SepiSystemUnit"/>
      </Unit6>
      <Unit7>
        <Filename Value="..\..\source\run\SepiReflection\SepiOrdTypes.pas"/>
        <IsPartOfProject Value="True"/>
        <UnitName Value="SepiOrdTypes"/>
      </Unit7>
      <Unit8>
        <Filename Value="..\..\source\run\SepiDelphiCompiler\SepiDelphiLexer.pas"/>
        <IsPartOfProject Value="True"/>
        <UnitName Value="SepiDelphiLexer"/>
      </Unit8>
      <Unit9>
        <Filename Value="..\..\source\run\SepiCompiler\SepiCompiler.pas"/>
        <IsPartOfProject Value="True"/>
        <UnitName Value="SepiCompiler"/>
      </Unit9>
      <Unit10>
        <Filename Value="..\..\source\run\SepiInterpreter\SepiRuntime.pas"/>
        <IsPartOfProject Value="True"/>
        <UnitName Value="SepiRuntime"/>
      </Unit10>
    </Units>
  </ProjectOptions>
  <CompilerOptions>
    <Version Value="11"/>
    <PathDelim Value="\"/>
    <Target>
      <Filename Value="..\..\bin\SepiDelphiUnitImporter\Lazarus\SepiLazarusUnitImporter"/>
    </Target>
    <SearchPaths>
      <IncludeFiles Value="$(ProjOutDir)"/>
      <Libraries Value="..\..\packages\Lazarus\lib\$(TargetCPU)-$(TargetOS)"/>
      <OtherUnitFiles Value="..\..\source\run\SepiReflection;..\..\source\run\SepiInterpreter;..\..\source\run\SepiCompiler;..\..\source\run\SepiDelphiCompiler"/>
      <UnitOutputDirectory Value="lib\$(TargetCPU)-$(TargetOS)"/>
    </SearchPaths>
    <Parsing>
      <SyntaxOptions>
        <SyntaxMode Value="Delphi"/>
      </SyntaxOptions>
    </Parsing>
    <CodeGeneration>
      <SmartLinkUnit Value="True"/>
      <Checks>
        <IOChecks Value="True"/>
        <RangeChecks Value="True"/>
        <OverflowChecks Value="True"/>
        <StackChecks Value="True"/>
      </Checks>
      <Optimizations>
        <VariablesInRegisters Value="True"/>
        <UncertainOptimizations Value="True"/>
        <OptimizationLevel Value="0"/>
      </Optimizations>
    </CodeGeneration>
    <Linking>
      <LinkSmart Value="True"/>
    </Linking>
    <Other>
      <CompilerMessages>
        <MsgFileName Value=""/>
      </CompilerMessages>
      <CompilerPath Value="$(CompPath)"/>
    </Other>
  </CompilerOptions>
  <Debugging>
    <Exceptions Count="3">
      <Item1>
        <Name Value="EAbort"/>
      </Item1>
      <Item2>
        <Name Value="ECodetoolError"/>
      </Item2>
      <Item3>
        <Name Value="EFOpenError"/>
      </Item3>
    </Exceptions>
  </Debugging>
</CONFIG>
